{
  "version": "2",
  "remote": {
    "https://deno.land/std@0.155.0/_util/assert.ts": "e94f2eb37cebd7f199952e242c77654e43333c1ac4c5c700e929ea3aa5489f74",
    "https://deno.land/std@0.155.0/_util/os.ts": "3b4c6e27febd119d36a416d7a97bd3b0251b77c88942c8f16ee5953ea13e2e49",
    "https://deno.land/std@0.155.0/async/abortable.ts": "87aa7230be8360c24ad437212311c9e8d4328854baec27b4c7abb26e85515c06",
    "https://deno.land/std@0.155.0/async/deadline.ts": "48ac998d7564969f3e6ec6b6f9bf0217ebd00239b1b2292feba61272d5dd58d0",
    "https://deno.land/std@0.155.0/async/debounce.ts": "de5433bff08a2bb61416fc53b3bd2d5867090c8a815465e5b4a10a77495b1051",
    "https://deno.land/std@0.155.0/async/deferred.ts": "c01de44b9192359cebd3fe93273fcebf9e95110bf3360023917da9a2d1489fae",
    "https://deno.land/std@0.155.0/async/delay.ts": "0419dfc993752849692d1f9647edf13407c7facc3509b099381be99ffbc9d699",
    "https://deno.land/std@0.155.0/async/mod.ts": "dd0a8ed4f3984ffabe2fcca7c9f466b7932d57b1864ffee148a5d5388316db6b",
    "https://deno.land/std@0.155.0/async/mux_async_iterator.ts": "3447b28a2a582224a3d4d3596bccbba6e85040da3b97ed64012f7decce98d093",
    "https://deno.land/std@0.155.0/async/pool.ts": "ef9eb97b388543acbf0ac32647121e4dbe629236899586c4d4311a8770fbb239",
    "https://deno.land/std@0.155.0/async/tee.ts": "d27680d911816fcb3d231e16d690e7588079e66a9b2e5ce8cc354db94fdce95f",
    "https://deno.land/std@0.155.0/bytes/equals.ts": "3c3558c3ae85526f84510aa2b48ab2ad7bdd899e2e0f5b7a8ffc85acb3a6043a",
    "https://deno.land/std@0.155.0/bytes/mod.ts": "763f97d33051cc3f28af1a688dfe2830841192a9fea0cbaa55f927b49d49d0bf",
    "https://deno.land/std@0.155.0/encoding/base64.ts": "c57868ca7fa2fbe919f57f88a623ad34e3d970d675bdc1ff3a9d02bba7409db2",
    "https://deno.land/std@0.155.0/fmt/colors.ts": "ff7dc9c9f33a72bd48bc24b21bbc1b4545d8494a431f17894dbc5fe92a938fc4",
    "https://deno.land/std@0.155.0/fs/_util.ts": "fdc156f897197f261a1c096dcf8ff9267ed0ff42bd5b31f55053a4763a4bae3b",
    "https://deno.land/std@0.155.0/fs/ensure_dir.ts": "76395fc1c989ca8d2de3aedfa8240eb8f5225cde20f926de957995b063135b80",
    "https://deno.land/std@0.155.0/http/server.ts": "e2e16f0b124ffef022ad04797d4250d6e4fc0d9579780999091949b17789dd1a",
    "https://deno.land/std@0.155.0/path/_constants.ts": "df1db3ffa6dd6d1252cc9617e5d72165cd2483df90e93833e13580687b6083c3",
    "https://deno.land/std@0.155.0/path/_interface.ts": "ee3b431a336b80cf445441109d089b70d87d5e248f4f90ff906820889ecf8d09",
    "https://deno.land/std@0.155.0/path/_util.ts": "d16be2a16e1204b65f9d0dfc54a9bc472cafe5f4a190b3c8471ec2016ccd1677",
    "https://deno.land/std@0.155.0/path/common.ts": "bee563630abd2d97f99d83c96c2fa0cca7cee103e8cb4e7699ec4d5db7bd2633",
    "https://deno.land/std@0.155.0/path/glob.ts": "cb5255638de1048973c3e69e420c77dc04f75755524cb3b2e160fe9277d939ee",
    "https://deno.land/std@0.155.0/path/mod.ts": "56fec03ad0ebd61b6ab39ddb9b0ddb4c4a5c9f2f4f632e09dd37ec9ebfd722ac",
    "https://deno.land/std@0.155.0/path/posix.ts": "c1f7afe274290ea0b51da07ee205653b2964bd74909a82deb07b69a6cc383aaa",
    "https://deno.land/std@0.155.0/path/separator.ts": "fe1816cb765a8068afb3e8f13ad272351c85cbc739af56dacfc7d93d710fe0f9",
    "https://deno.land/std@0.155.0/path/win32.ts": "bd7549042e37879c68ff2f8576a25950abbfca1d696d41d82c7bca0b7e6f452c",
    "https://deno.land/x/aleph@1.0.0-beta.21/runtime/core/error.ts": "f9c0bce80c7fbefb0a5b983ce4e61699b9a71b85af2cd52fddecae00e5b23390",
    "https://deno.land/x/aleph@1.0.0-beta.21/runtime/core/events.ts": "0a01a394433d30d49b7be9e17f43e3dda84d4086764ea3c81b890c8433f80cc3",
    "https://deno.land/x/aleph@1.0.0-beta.21/runtime/core/redirect.ts": "41fdd2cf17090d33ce70bdb8afb04e1d00566c8f22bba10e63bfdab4ca17f40d",
    "https://deno.land/x/aleph@1.0.0-beta.21/runtime/core/routes.ts": "8e86e8b22b5f897ec170eca40c6d2940b46c43b9ee2959cecfd7246f335e9ae1",
    "https://deno.land/x/aleph@1.0.0-beta.21/runtime/core/url_pattern.ts": "ffe78dc4ca17d62339ad4af966c8e3c886fea05ec68a01b92cd945197376eb8c",
    "https://deno.land/x/aleph@1.0.0-beta.21/runtime/vue/context.ts": "bf5098f5ffa89350efaa23cbe1bf916ef4eeac39ed41a38c3d05167a0e513e47",
    "https://deno.land/x/aleph@1.0.0-beta.21/runtime/vue/error.ts": "4fdd3c1b33cf82a60b18d7fa1d2a8db9154f723e9e1609dabea765bffd7d28bc",
    "https://deno.land/x/aleph@1.0.0-beta.21/runtime/vue/head.ts": "436c79c224d3e181bbfddba30b460597cf6d2f412c7ba14793ce0ed197ff21cc",
    "https://deno.land/x/aleph@1.0.0-beta.21/runtime/vue/link.ts": "231b575c279c0e3a344e476095396fd56e11dc7056caf5fe3b0aec9aebb65590",
    "https://deno.land/x/aleph@1.0.0-beta.21/runtime/vue/router.ts": "05d930d05e794f1580acfdd09fe9926e119010afceb740a7aecf914c3cb31dde",
    "https://deno.land/x/aleph@1.0.0-beta.21/runtime/vue/server.ts": "2a43709d8072738e5e87d0b826b70a766b1416948a52bf864300f22cbcca7d4e",
    "https://deno.land/x/aleph@1.0.0-beta.21/runtime/vue/sfc-loader.ts": "6fc71bff364b23d19098534ece41050b087e20a35e2a4722d9866a61bce0f85a",
    "https://deno.land/x/aleph@1.0.0-beta.21/server/build.ts": "4e6ba64c20b6d323e3cecb60318a18c2ca19c5640ea30fb3d96394c60eb5ac92",
    "https://deno.land/x/aleph@1.0.0-beta.21/server/cache.ts": "a57e9361f2d7f24c6c41ed7a912fa3ce0d509bde69c954176493bdc30cd1e1ad",
    "https://deno.land/x/aleph@1.0.0-beta.21/server/context.ts": "ae6a8528a170b4ce9bc41511af1c354dfd4f382a2ac22d73697afa3b9e02e109",
    "https://deno.land/x/aleph@1.0.0-beta.21/server/deps.ts": "a0a40f6d679b0583bd829a48ac8b010b0f18a3ec0a415e582c7d6d06b0aba9c0",
    "https://deno.land/x/aleph@1.0.0-beta.21/server/dev.ts": "a78cc29b5a8570a5df0dc02c7bf6aff68e1c55141eb05208867b2fa7e9b5129e",
    "https://deno.land/x/aleph@1.0.0-beta.21/server/graph.ts": "15ca091aab1e06bef77508ce50c6010fe4e8d41653fba9529f9116657173d607",
    "https://deno.land/x/aleph@1.0.0-beta.21/server/helpers.ts": "aefdf3acfbd11e44ad56ba829b2e94b2680598f66479250ef565833f9b776dbc",
    "https://deno.land/x/aleph@1.0.0-beta.21/server/html.ts": "b00c1997f5cc04ea10e02dc54d0a51e9b0730af8309bdc9ea43a444f39f5e892",
    "https://deno.land/x/aleph@1.0.0-beta.21/server/log.ts": "cac83cdc563338bcef4a665608cdac75e5b8cdf0084f40ac2e3c920b8a6e6b29",
    "https://deno.land/x/aleph@1.0.0-beta.21/server/media_type.ts": "7469f33e474c97c8d7919cd1b81171edd0e41774007f952cc1e10c775246dc09",
    "https://deno.land/x/aleph@1.0.0-beta.21/server/mod.ts": "b1e11a2bba14855a0ba94c28ab73c7c3fc4c8ace422bbd5ed08797068f3a4a87",
    "https://deno.land/x/aleph@1.0.0-beta.21/server/renderer.ts": "809f3b67420ed8764a5fbe72ef32271744588c4ff5a6444c6a1b9e1d8e4489e7",
    "https://deno.land/x/aleph@1.0.0-beta.21/server/routing.ts": "030a5ba713870edc98794575dd2690be76b961a8571a33b625ddb8dde4d9d176",
    "https://deno.land/x/aleph@1.0.0-beta.21/server/session.ts": "706fa74f6affa0af0daa61cf812b9a959d25629c8efd3d572e6afb7549e2a9d7",
    "https://deno.land/x/aleph@1.0.0-beta.21/server/transformer.ts": "70e3b60ea704e6f50f76802e8a21abefa8939bbf6709d98131d80ac7224cc800",
    "https://deno.land/x/aleph@1.0.0-beta.21/server/types.ts": "5795f221e82c5be6c922a389b01bb800799d723f2221158cf7358a769cfdc163",
    "https://deno.land/x/aleph@1.0.0-beta.21/shared/util.ts": "3eda4196db47f2965eb94dd6d58ac3db27f4e39278511cbfae8e26b96a47c9e6",
    "https://deno.land/x/aleph@1.0.0-beta.21/types.d.ts": "d65f0962822a86fafea3ab1962a6dfdbedf2916384c840d983dfe2de90638cbd",
    "https://deno.land/x/aleph@1.0.0-beta.21/version.ts": "e6d66099514cf926cca4c0fc62b5a98a60cd7deb3f9c7990c3a02efa7a62c34a",
    "https://deno.land/x/aleph_compiler@0.8.2/dist/compiler.js": "480bffcaf2348a9a33d8d3862fa627c60adb6610926b60b6f990673571bb2c7a",
    "https://deno.land/x/aleph_compiler@0.8.2/dist/wasm.js": "f1f81ee912266ad86f79c28428b4446f534ab7ad7e8f660ae746db6dac3dc03a",
    "https://deno.land/x/aleph_compiler@0.8.2/mod.ts": "d4f0d8a28b49942c3f27c7c3d95238dc3fdba5d4c20f201aa627217db6e0cf8a",
    "https://deno.land/x/aleph_compiler@0.8.2/types.ts": "87db4105bc3f5b76a6f5ffccf8ada8005e184fefa28b58bd5952cc41c86ecdc9",
    "https://deno.land/x/aleph_compiler@0.8.2/version.ts": "427762880da366bac23481bd06209ef860b97c8be1815dd550fd8fbc7a8afd9e",
    "https://deno.land/x/denoflate@1.2.1/mod.ts": "f5628e44b80b3d80ed525afa2ba0f12408e3849db817d47a883b801f9ce69dd6",
    "https://deno.land/x/denoflate@1.2.1/pkg/denoflate.js": "b9f9ad9457d3f12f28b1fb35c555f57443427f74decb403113d67364e4f2caf4",
    "https://deno.land/x/denoflate@1.2.1/pkg/denoflate_bg.wasm.js": "d581956245407a2115a3d7e8d85a9641c032940a8e810acbd59ca86afd34d44d",
    "https://deno.land/x/esbuild@v0.15.10/mod.d.ts": "12e96a8d05c8e2c5638aa9cb09f24222134d437abb2f3f52de0156adb2270719",
    "https://deno.land/x/esbuild@v0.15.10/mod.js": "b6076f05f58057025ce0eddb404a4da3b7a0e3768c53f6c87959c8c32240e9cd",
    "https://deno.land/x/jsonc_parser@v0.0.1/src/jsonc.ts": "cb14bdf3b0a7fcd2129b3b2a21d7943096781b7ca6f82781c180c006a35a9599",
    "https://deno.land/x/lol_html@0.0.4/mod.js": "1dbe7fb491bc1bc75561a7fccfd3d2e9b2c66d2eb625be535eb49c9374ea6839",
    "https://deno.land/x/lol_html@0.0.4/types.d.ts": "497047e6ac12eb3122987d31e0a6ed154303bc708b53a772c606ee1b40630427",
    "https://deno.land/x/lol_html@0.0.4/wasm.js": "e5a8ff4f97770c00f484b7a12abc52fdf039b189d6d8a7f98da9119c140b6dce",
    "https://deno.land/x/lz4@v0.1.2/mod.ts": "4decfc1a3569d03fd1813bd39128b71c8f082850fe98ecfdde20025772916582",
    "https://deno.land/x/lz4@v0.1.2/wasm.js": "b9c65605327ba273f0c76a6dc596ec534d4cda0f0225d7a94ebc606782319e46",
    "https://esm.sh/@unocss/core@0.45.29": "b216fe6e511c232f120a2e1c882314c838fa0767de11a3530340dcaf1ec922fe",
    "https://esm.sh/@vue/compiler-sfc@3.2.39?target=esnext": "1d76f0fddd25e0cbe197b3e513de0c8ca54f381a18f225cbc2a62e17f40589be",
    "https://esm.sh/@vue/server-renderer@3.2.39": "b03eb6fb863d4406d5a04ce5e8b3f7a75023e7c27b758649f56639d21ec9a3f3",
    "https://esm.sh/mitt@3.0.0": "f8dcf70e47f772024ddcf611e77d487ccde09a6398823a8ae1fd422c8fc4e87c",
    "https://esm.sh/stable/vue@3.2.39/deno/vue.js": "30e40ee7b0f7fabbc64d2b4af0181862d62da0ac90b79644121bf4a306cdb4ce",
    "https://esm.sh/v99/@antfu/utils@0.5.2/index.d.ts": "b55dd2eb5ced2eec9fbac96be6fe8d5c30cb9fd875fd47f711882c7e3c2a857d",
    "https://esm.sh/v99/@babel/parser@7.20.3/typings/babel-parser.d.ts": "507bbd7888bd256c048227fa52d23e0f8d66374800ccca877517b053d08ad440",
    "https://esm.sh/v99/@babel/types@7.20.2/lib/index-legacy.d.ts": "500cd3a6b69408560fd50b7386c5bf0f1a11da7ece18357c8ca5cb4f21ff9f74",
    "https://esm.sh/v99/@types/node@16.18.3/buffer.d.ts": "bf067c617193ebf82c18c5df5d6cbc79f5f5f7f50d73f106e646f90983d54f9e",
    "https://esm.sh/v99/@types/node@16.18.3/crypto.d.ts": "cd660a883aa9ec6b42b0e1cc2edf96f787712eef608dccfefa63f05b39afe48b",
    "https://esm.sh/v99/@types/node@16.18.3/dns.d.ts": "af6f563c536b92573a74125e18ed9c98d09a5b78216a5bb6cba586f4d2073ab7",
    "https://esm.sh/v99/@types/node@16.18.3/dns/promises.d.ts": "133552787aaf595ffe0b21b23cc2cb379e5089e2e45847769bb0f30d8e4aed34",
    "https://esm.sh/v99/@types/node@16.18.3/events.d.ts": "5e3eb598ad8076bcf47be44ff0b955ac2a2bfbdcf2ea5fb4ef4f884ba2ee7fbe",
    "https://esm.sh/v99/@types/node@16.18.3/net.d.ts": "4b08dcfed537675a024ad339ff110dfab9eb5652f62c4eeebce5595e38d1b49b",
    "https://esm.sh/v99/@types/node@16.18.3/stream.d.ts": "aa3ec6ccbecdaeee663ecf5b8d3e314af67f6504dfbf7141c5dc03e8ba1812f6",
    "https://esm.sh/v99/@types/node@16.18.3/stream/consumers.d.ts": "f31f946a8afceaea071aafd11acaedbf4bb85cfcf01a754594548b71601d600e",
    "https://esm.sh/v99/@types/node@16.18.3/stream/promises.d.ts": "184c1dda3d4b88d4756129941af1fc252053edd495a6f779add4d9d289c59b7d",
    "https://esm.sh/v99/@types/node@16.18.3/stream/web.d.ts": "056e223a57c220d75559cf294aa901e6605eede1fa1594dc2bd612c7d4c0763f",
    "https://esm.sh/v99/@types/node@16.18.3/tls.d.ts": "73fc4146121c45b223923b93ef5a95162107f520a449fbcace75767e366dea96",
    "https://esm.sh/v99/@unocss/core@0.45.29/deno/core.js": "dc62205946bad7265445eb344d1bbb23ea9902e26087669f1451e1543cbec267",
    "https://esm.sh/v99/@unocss/core@0.45.29/dist/index.d.ts": "87f9af7e70365980dac9949f91f2aca50e246898c71f048fa170f3a8e3d1583a",
    "https://esm.sh/v99/@vue/compiler-core@3.2.39/dist/compiler-core.d.ts": "c72936b4ed2ef020ac8a973ba646cdde3ff2c9c223d4e5050d0df51d36e923a1",
    "https://esm.sh/v99/@vue/compiler-dom@3.2.39/dist/compiler-dom.d.ts": "4e05a8e2e279b3f608a65b23797de4bc9c39fa11d924b62d60f7a4988eb04d74",
    "https://esm.sh/v99/@vue/compiler-sfc@3.2.39/dist/compiler-sfc.d.ts": "55d6569f2c8e531463dd8955660431bce782c8cc80b1e1918b9ca0810946569d",
    "https://esm.sh/v99/@vue/compiler-sfc@3.2.39/esnext/compiler-sfc.js": "ecf92db3e07d7bb0d52369820f0d613073a4833eb9f6c2151155ca9cf699d30d",
    "https://esm.sh/v99/@vue/reactivity-transform@3.2.39/dist/reactivity-transform.d.ts": "1190122ad51bd331413d67c71e59f6131a48a1cbe7ab2dfcb3f911740bd887e6",
    "https://esm.sh/v99/@vue/reactivity@3.2.39/deno/reactivity.js": "515229d9ae852b5c9b936bf97efce4a2677afc2f3e1d2da4af43ab7a4fc1f2eb",
    "https://esm.sh/v99/@vue/reactivity@3.2.39/dist/reactivity.d.ts": "8b24617e8429f631efefbeb6755937582658dbaa46f8c8ea062c8658d1fe3ea6",
    "https://esm.sh/v99/@vue/reactivity@3.2.45/dist/reactivity.d.ts": "f3697f2553475637c625e9b615e1c3363a54b4adc57cab8cd7327b300167a075",
    "https://esm.sh/v99/@vue/runtime-core@3.2.39/deno/runtime-core.js": "e2b1d0ee1b418f67cd4c4c6c60bc60c39d8d58bf1a1e1a0686021f5e4be3f136",
    "https://esm.sh/v99/@vue/runtime-core@3.2.39/dist/runtime-core.d.ts": "fb52c092e12ab2a8400d96bf2e485f3796cecdf23eb18af7be5e5aafd8992720",
    "https://esm.sh/v99/@vue/runtime-core@3.2.45/dist/runtime-core.d.ts": "bf4edd5b62600bbd26c77bd8a9be4d7d37f2ba15f0d3d3b448a9ffb84c9f0c66",
    "https://esm.sh/v99/@vue/runtime-dom@3.2.39/deno/runtime-dom.js": "30c290d62c6d038c4e24246ac07a0a1452f94b98207f099b4590bb6dce507bbe",
    "https://esm.sh/v99/@vue/runtime-dom@3.2.39/dist/runtime-dom.d.ts": "2ef3584574941e5a052c17450208b39fd42985d4f32d4e0aedb4ab2674fb74e3",
    "https://esm.sh/v99/@vue/server-renderer@3.2.39/deno/server-renderer.js": "4e357076f5f789b2ba8e8c316b7b16d6399e164037fa83e0f0656214384e08af",
    "https://esm.sh/v99/@vue/server-renderer@3.2.39/dist/server-renderer.d.ts": "d093e3a3e4b2d4883d2ca4e19705d3bce15183bc7ccfa8cf08f300912a717cb9",
    "https://esm.sh/v99/@vue/shared@3.2.39/deno/shared.js": "7fae25a4b1b210735bfe31ef3b2635bd95b1e6e32d9d272f201213f4a1154fb8",
    "https://esm.sh/v99/@vue/shared@3.2.39/dist/shared.d.ts": "5a51fcf6c32e53f76926031f33f2ec89a0ef8b4ed1c53c26c7cc9caf5af2536c",
    "https://esm.sh/v99/@vue/shared@3.2.45/dist/shared.d.ts": "6b049c50a1a3bbd3f68f784df0edc942131b1161d0a4f670617639af9dc6d59d",
    "https://esm.sh/v99/csstype@2.6.21/index.d.ts": "d514bad37e8b2036cfa6deaf126241bbe4637f96532162c08e4682a0eaac9485",
    "https://esm.sh/v99/magic-string@0.25.9/index.d.ts": "eefd06044ce948342d98f008a7e12064d3b71b35186e765aaeb37dfc330f59a8",
    "https://esm.sh/v99/magic-string@0.26.7/index.d.ts": "6511a35c6a756bf3fe384aca1312f0753fc366cfe432714c98eb1a5561741ad8",
    "https://esm.sh/v99/mitt@3.0.0/deno/mitt.js": "9b4650567425ecde1e13e78d177c421d64d12f24748937573036a74567f66964",
    "https://esm.sh/v99/mitt@3.0.0/index.d.ts": "d078b49194156918c4adfe4f0e2da2f2d5bfb0fe92539c9437d453a2fe68dd01",
    "https://esm.sh/v99/node.ns.d.ts": "0fb081f0cd2150931bd54baa04f31466abd9ca701fd9060d07931402cf8367ba",
    "https://esm.sh/v99/node_events.js": "507b1d9405b8384264d683e0508416c4be85498e65d32d0fcf64d6d353a30151",
    "https://esm.sh/v99/node_process.js": "138682d1c2af338932526443b7513103b898a9460d3e461ee315d3a68060342a",
    "https://esm.sh/v99/postcss@8.4.19/lib/at-rule.d.ts": "9973ca6eb0b6535691d10ead1d1a95eedb0542be3f0acb23abcdcab4c73835ae",
    "https://esm.sh/v99/postcss@8.4.19/lib/comment.d.ts": "cbf4835ea92a367513a70fdbed5db5baca6d5f6fd391072646a5aa3ffc8f5513",
    "https://esm.sh/v99/postcss@8.4.19/lib/container.d.ts": "f8e811dde41738384da5e8184048f00f764fdb74da40a1e5de9c9975b6228180",
    "https://esm.sh/v99/postcss@8.4.19/lib/css-syntax-error.d.ts": "40d7c322686ebd63fbc593f8ff41867aa88f2afe97fcd1f6d25e51789575ddb7",
    "https://esm.sh/v99/postcss@8.4.19/lib/declaration.d.ts": "76bc43013ec294a5454b82a31e2ff06470c7f628478ab60f3ed78f8861f1366c",
    "https://esm.sh/v99/postcss@8.4.19/lib/document.d.ts": "8a3ad1439d750437c85fec0fd606856f64edce45cd7db6175d691976cc8e634c",
    "https://esm.sh/v99/postcss@8.4.19/lib/input.d.ts": "2f129e37d05d1c9f0d093019b18cb591869f0d0e602307d23de578a3d12aadc6",
    "https://esm.sh/v99/postcss@8.4.19/lib/lazy-result.d.ts": "0fd1847c7c14bb81114bbb9b6eb8974c7522cc6a55e027453b50fa23b5a573d6",
    "https://esm.sh/v99/postcss@8.4.19/lib/list.d.ts": "d7e4a5f4ccfb749c3033fafc233073b4d1dcca0249785186c589602a81f9d86f",
    "https://esm.sh/v99/postcss@8.4.19/lib/no-work-result.d.ts": "abb93a7898a7eaf8f2ab15f64506402e22a699118257fd788df385735733fb61",
    "https://esm.sh/v99/postcss@8.4.19/lib/node.d.ts": "fa6a6c18d53ca7df41628186264e0a7efb2a73eb508421b802ccc75dd6e37d94",
    "https://esm.sh/v99/postcss@8.4.19/lib/postcss.d.ts": "1b45cbe4fe186e0f7f7d548a18decf55fd61f7644d53bfa95bb4caf262a59a29",
    "https://esm.sh/v99/postcss@8.4.19/lib/previous-map.d.ts": "1f93b8fd503095cb557c3ff38de801901a95b77b306d236605ecee9a32a8d1bc",
    "https://esm.sh/v99/postcss@8.4.19/lib/processor.d.ts": "973de133780b16dfeada566c6c4b684ec70e2786dd9536eae4ca040c5f9c4116",
    "https://esm.sh/v99/postcss@8.4.19/lib/result.d.ts": "6a1dac7d1412d16d8ddc06a941958ce77609a154c00d771fd72fc28e5d4ca755",
    "https://esm.sh/v99/postcss@8.4.19/lib/root.d.ts": "953ad9444737c1f91b281afcff2fc0fb105153b4feb2f342f2e052f4505f4410",
    "https://esm.sh/v99/postcss@8.4.19/lib/rule.d.ts": "ad3cce235b58c27a9edbbd52d02d7896f3163c760546b6a759ac87253842c056",
    "https://esm.sh/v99/postcss@8.4.19/lib/warning.d.ts": "70163a9391721c51b4b95847c4c5ee4eb0985716f889f72648ef36c272e0f39d",
    "https://esm.sh/v99/source-map-js@1.0.2/source-map.d.ts": "e1d24eb7d0ac71a5a0d0f9cc64d2ce859dc015cb85c16434d20ec91b182d4ee6",
    "https://esm.sh/v99/source-map@0.6.1/source-map.d.ts": "2887592574fcdfd087647c539dcb0fbe5af2521270dad4a37f9d17c16190d579",
    "https://esm.sh/v99/unconfig@0.3.7/dist/index.d.ts": "fdb41bbc78861ad97509c482cd555ab663006da1bbb34c79052ea461f53b7917",
    "https://esm.sh/v99/unconfig@0.3.7/dist/types-6886c41e.d.ts": "ed049c4428f740e42bbe521473a16798b97dd03ebbab2a9f3804d2ab3b07cd33",
    "https://esm.sh/v99/vue@3.2.39/dist/vue.d.ts": "b581b2fa900c4903e12ad8351e62f7c53bcdad8414562610903c0911bf97e061",
    "https://esm.sh/vue@3.2.39": "9570f6eb6682f467dc8c27dd3994271a11817b89f6afb46a5e19af650fa634ca"
  }
}
